
Microsoft Visual Studio Solution File, Format Version 12.00
# Visual Studio Version 17
VisualStudioVersion = 17.6.33829.357
MinimumVisualStudioVersion = 10.0.40219.1
Project("{FAE04EC0-301F-11D3-BF4B-00C04F79EFBC}") = "Demo1", "Demo1\Demo1.csproj", "{AC12714A-856C-4055-B5BB-96AE635B9F37}"
EndProject
Global
	GlobalSection(SolutionConfigurationPlatforms) = preSolution
		Debug|Any CPU = Debug|Any CPU
		Release|Any CPU = Release|Any CPU
	EndGlobalSection
	GlobalSection(ProjectConfigurationPlatforms) = postSolution
		{AC12714A-856C-4055-B5BB-96AE635B9F37}.Debug|Any CPU.ActiveCfg = Debug|Any CPU
		{AC12714A-856C-4055-B5BB-96AE635B9F37}.Debug|Any CPU.Build.0 = Debug|Any CPU
		{AC12714A-856C-4055-B5BB-96AE635B9F37}.Release|Any CPU.ActiveCfg = Release|Any CPU
		{AC12714A-856C-4055-B5BB-96AE635B9F37}.Release|Any CPU.Build.0 = Release|Any CPU
	EndGlobalSection
	GlobalSection(SolutionProperties) = preSolution
		HideSolutionNode = FALSE
	EndGlobalSection
	GlobalSection(ExtensibilityGlobals) = postSolution
		SolutionGuid = {ED15B04C-8232-47D8-8138-F376F89D521C}
	EndGlobalSection
EndGlobal
